
Microsoft Visual Studio Solution File, Format Version 12.00
# Visual Studio Version 16
VisualStudioVersion = 16.0.31410.357
MinimumVisualStudioVersion = 10.0.40219.1
Project("{9A19103F-16F7-4668-BE54-9A1E7A4F7556}") = "CoreArchitecture.API", "CoreArchitecture.API\CoreArchitecture.API.csproj", "{8D6D9559-D998-4920-A1EF-D9B30EE854BE}"
EndProject
Project("{9A19103F-16F7-4668-BE54-9A1E7A4F7556}") = "CoreArchitecture.Core", "CoreArchitecture.Core\CoreArchitecture.Core.csproj", "{2662B518-88E5-4673-A7C0-44F1D5EA7C71}"
EndProject
Project("{9A19103F-16F7-4668-BE54-9A1E7A4F7556}") = "CoreArchitecture.Domain", "CoreArchitecture.Domain\CoreArchitecture.Domain.csproj", "{C8971098-A46F-477E-A3B9-B65D9B9EFE1B}"
EndProject
Project("{9A19103F-16F7-4668-BE54-9A1E7A4F7556}") = "CoreArchitecture.Facade", "CoreArchitecture.Facade\CoreArchitecture.Facade.csproj", "{29AC1D23-C2A1-45BA-8D1F-4D9DA5DD42B1}"
EndProject
Project("{9A19103F-16F7-4668-BE54-9A1E7A4F7556}") = "CoreArchitecture.Handlers", "CoreArchitecture.Handlers\CoreArchitecture.Handlers.csproj", "{525DBD83-9B68-43E5-B813-575839A21082}"
EndProject
Project("{9A19103F-16F7-4668-BE54-9A1E7A4F7556}") = "CoreArchitecture.ResponseRequest", "CoreArchitecture.ResponseRequest\CoreArchitecture.ResponseRequest.csproj", "{08558443-BD79-4220-A873-5C4B38995DBA}"
EndProject
Global
	GlobalSection(SolutionConfigurationPlatforms) = preSolution
		Debug|Any CPU = Debug|Any CPU
		Release|Any CPU = Release|Any CPU
	EndGlobalSection
	GlobalSection(ProjectConfigurationPlatforms) = postSolution
		{8D6D9559-D998-4920-A1EF-D9B30EE854BE}.Debug|Any CPU.ActiveCfg = Debug|Any CPU
		{8D6D9559-D998-4920-A1EF-D9B30EE854BE}.Debug|Any CPU.Build.0 = Debug|Any CPU
		{8D6D9559-D998-4920-A1EF-D9B30EE854BE}.Release|Any CPU.ActiveCfg = Release|Any CPU
		{8D6D9559-D998-4920-A1EF-D9B30EE854BE}.Release|Any CPU.Build.0 = Release|Any CPU
		{2662B518-88E5-4673-A7C0-44F1D5EA7C71}.Debug|Any CPU.ActiveCfg = Debug|Any CPU
		{2662B518-88E5-4673-A7C0-44F1D5EA7C71}.Debug|Any CPU.Build.0 = Debug|Any CPU
		{2662B518-88E5-4673-A7C0-44F1D5EA7C71}.Release|Any CPU.ActiveCfg = Release|Any CPU
		{2662B518-88E5-4673-A7C0-44F1D5EA7C71}.Release|Any CPU.Build.0 = Release|Any CPU
		{C8971098-A46F-477E-A3B9-B65D9B9EFE1B}.Debug|Any CPU.ActiveCfg = Debug|Any CPU
		{C8971098-A46F-477E-A3B9-B65D9B9EFE1B}.Debug|Any CPU.Build.0 = Debug|Any CPU
		{C8971098-A46F-477E-A3B9-B65D9B9EFE1B}.Release|Any CPU.ActiveCfg = Release|Any CPU
		{C8971098-A46F-477E-A3B9-B65D9B9EFE1B}.Release|Any CPU.Build.0 = Release|Any CPU
		{29AC1D23-C2A1-45BA-8D1F-4D9DA5DD42B1}.Debug|Any CPU.ActiveCfg = Debug|Any CPU
		{29AC1D23-C2A1-45BA-8D1F-4D9DA5DD42B1}.Debug|Any CPU.Build.0 = Debug|Any CPU
		{29AC1D23-C2A1-45BA-8D1F-4D9DA5DD42B1}.Release|Any CPU.ActiveCfg = Release|Any CPU
		{29AC1D23-C2A1-45BA-8D1F-4D9DA5DD42B1}.Release|Any CPU.Build.0 = Release|Any CPU
		{525DBD83-9B68-43E5-B813-575839A21082}.Debug|Any CPU.ActiveCfg = Debug|Any CPU
		{525DBD83-9B68-43E5-B813-575839A21082}.Debug|Any CPU.Build.0 = Debug|Any CPU
		{525DBD83-9B68-43E5-B813-575839A21082}.Release|Any CPU.ActiveCfg = Release|Any CPU
		{525DBD83-9B68-43E5-B813-575839A21082}.Release|Any CPU.Build.0 = Release|Any CPU
		{08558443-BD79-4220-A873-5C4B38995DBA}.Debug|Any CPU.ActiveCfg = Debug|Any CPU
		{08558443-BD79-4220-A873-5C4B38995DBA}.Debug|Any CPU.Build.0 = Debug|Any CPU
		{08558443-BD79-4220-A873-5C4B38995DBA}.Release|Any CPU.ActiveCfg = Release|Any CPU
		{08558443-BD79-4220-A873-5C4B38995DBA}.Release|Any CPU.Build.0 = Release|Any CPU
	EndGlobalSection
	GlobalSection(SolutionProperties) = preSolution
		HideSolutionNode = FALSE
	EndGlobalSection
	GlobalSection(ExtensibilityGlobals) = postSolution
		SolutionGuid = {6E417F12-4EAB-4E4F-B5F5-40DA5A42E059}
	EndGlobalSection
EndGlobal
